
Microsoft Visual Studio Solution File, Format Version 12.00
# Visual Studio Version 16
VisualStudioVersion = 16.0.30320.27
MinimumVisualStudioVersion = 10.0.40219.1
Project("{FAE04EC0-301F-11D3-BF4B-00C04F79EFBC}") = "OrderBook1", "OrderBook1\OrderBook1.csproj", "{A81F6E0E-071A-4357-8C92-C85B2B85B46C}"
EndProject
Global
	GlobalSection(SolutionConfigurationPlatforms) = preSolution
		Debug|Any CPU = Debug|Any CPU
		Release|Any CPU = Release|Any CPU
	EndGlobalSection
	GlobalSection(ProjectConfigurationPlatforms) = postSolution
		{A81F6E0E-071A-4357-8C92-C85B2B85B46C}.Debug|Any CPU.ActiveCfg = Debug|Any CPU
		{A81F6E0E-071A-4357-8C92-C85B2B85B46C}.Debug|Any CPU.Build.0 = Debug|Any CPU
		{A81F6E0E-071A-4357-8C92-C85B2B85B46C}.Release|Any CPU.ActiveCfg = Release|Any CPU
		{A81F6E0E-071A-4357-8C92-C85B2B85B46C}.Release|Any CPU.Build.0 = Release|Any CPU
	EndGlobalSection
	GlobalSection(SolutionProperties) = preSolution
		HideSolutionNode = FALSE
	EndGlobalSection
	GlobalSection(ExtensibilityGlobals) = postSolution
		SolutionGuid = {33285B15-559C-474E-8446-63C392452989}
	EndGlobalSection
EndGlobal
